
Microsoft Visual Studio Solution File, Format Version 12.00
# Visual Studio Version 17
VisualStudioVersion = 17.7.34202.233
MinimumVisualStudioVersion = 10.0.40219.1
Project("{FAE04EC0-301F-11D3-BF4B-00C04F79EFBC}") = "Pizzeria", "Pizzeria\Pizzeria.csproj", "{F2894D8E-CEA9-4AF1-BE73-C05272722319}"
EndProject
Global
	GlobalSection(SolutionConfigurationPlatforms) = preSolution
		Debug|Any CPU = Debug|Any CPU
		Release|Any CPU = Release|Any CPU
	EndGlobalSection
	GlobalSection(ProjectConfigurationPlatforms) = postSolution
		{F2894D8E-CEA9-4AF1-BE73-C05272722319}.Debug|Any CPU.ActiveCfg = Debug|Any CPU
		{F2894D8E-CEA9-4AF1-BE73-C05272722319}.Debug|Any CPU.Build.0 = Debug|Any CPU
		{F2894D8E-CEA9-4AF1-BE73-C05272722319}.Release|Any CPU.ActiveCfg = Release|Any CPU
		{F2894D8E-CEA9-4AF1-BE73-C05272722319}.Release|Any CPU.Build.0 = Release|Any CPU
	EndGlobalSection
	GlobalSection(SolutionProperties) = preSolution
		HideSolutionNode = FALSE
	EndGlobalSection
	GlobalSection(ExtensibilityGlobals) = postSolution
		SolutionGuid = {4247AED8-8745-4807-9A70-AAF08EE2B3DE}
	EndGlobalSection
EndGlobal
